
Microsoft Visual Studio Solution File, Format Version 12.00
# Visual Studio Version 17
VisualStudioVersion = 17.14.36221.1
MinimumVisualStudioVersion = 10.0.40219.1
Project("{FAE04EC0-301F-11D3-BF4B-00C04F79EFBC}") = "ChatApp", "ChatApp\ChatApp.csproj", "{D08193BC-D50E-4A19-B494-787938EF40FE}"
EndProject
Global
	GlobalSection(SolutionConfigurationPlatforms) = preSolution
		Debug|Any CPU = Debug|Any CPU
		Release|Any CPU = Release|Any CPU
	EndGlobalSection
	GlobalSection(ProjectConfigurationPlatforms) = postSolution
		{D08193BC-D50E-4A19-B494-787938EF40FE}.Debug|Any CPU.ActiveCfg = Debug|Any CPU
		{D08193BC-D50E-4A19-B494-787938EF40FE}.Debug|Any CPU.Build.0 = Debug|Any CPU
		{D08193BC-D50E-4A19-B494-787938EF40FE}.Release|Any CPU.ActiveCfg = Release|Any CPU
		{D08193BC-D50E-4A19-B494-787938EF40FE}.Release|Any CPU.Build.0 = Release|Any CPU
	EndGlobalSection
	GlobalSection(SolutionProperties) = preSolution
		HideSolutionNode = FALSE
	EndGlobalSection
	GlobalSection(ExtensibilityGlobals) = postSolution
		SolutionGuid = {C854694B-C9C1-45F1-90A2-66A9D787EA31}
	EndGlobalSection
EndGlobal
